// !$*UTF8*$!
{
	archiveVersion = 1;
	classes = {
	};
	objectVersion = 46;
	objects = {

/* Begin PBXBuildFile section */
		0002B0B419D7AFD600A21EA0 /* DiceStoryboard.storyboard in Resources */ = {isa = PBXBuildFile; fileRef = 0002B0B119D7AFD600A21EA0 /* DiceStoryboard.storyboard */; };
		0002B0B519D7AFD600A21EA0 /* DiceTableViewController.m in Sources */ = {isa = PBXBuildFile; fileRef = 0002B0B319D7AFD600A21EA0 /* DiceTableViewController.m */; };
		0002B0C519D906C600A21EA0 /* manage@2x.png in Resources */ = {isa = PBXBuildFile; fileRef = 0002B0C319D906C600A21EA0 /* manage@2x.png */; };
		0002B0C619D906C600A21EA0 /* manage@3x.png in Resources */ = {isa = PBXBuildFile; fileRef = 0002B0C419D906C600A21EA0 /* manage@3x.png */; };
		0002B0CD19D90F0B00A21EA0 /* roll@2x.png in Resources */ = {isa = PBXBuildFile; fileRef = 0002B0CB19D90F0B00A21EA0 /* roll@2x.png */; };
		0002B0CE19D90F0B00A21EA0 /* roll@3x.png in Resources */ = {isa = PBXBuildFile; fileRef = 0002B0CC19D90F0B00A21EA0 /* roll@3x.png */; };
		0006582C19CBA2A400C2C22F /* HeaderTableViewCell.m in Sources */ = {isa = PBXBuildFile; fileRef = 0006582B19CBA2A400C2C22F /* HeaderTableViewCell.m */; };
		000D3E0F19CE36EC00563E99 /* History.m in Sources */ = {isa = PBXBuildFile; fileRef = 000D3E0E19CE36EC00563E99 /* History.m */; };
		001C3B5519C7FE7800DF42A9 /* SelectableRestaurantStore.m in Sources */ = {isa = PBXBuildFile; fileRef = 001C3B5419C7FE7800DF42A9 /* SelectableRestaurantStore.m */; };
		009703FF19BB8DCC001A2BF1 /* Foundation.framework in Frameworks */ = {isa = PBXBuildFile; fileRef = 009703FE19BB8DCC001A2BF1 /* Foundation.framework */; };
		0097040119BB8DCC001A2BF1 /* CoreGraphics.framework in Frameworks */ = {isa = PBXBuildFile; fileRef = 0097040019BB8DCC001A2BF1 /* CoreGraphics.framework */; };
		0097040319BB8DCC001A2BF1 /* UIKit.framework in Frameworks */ = {isa = PBXBuildFile; fileRef = 0097040219BB8DCC001A2BF1 /* UIKit.framework */; };
		0097040919BB8DCC001A2BF1 /* InfoPlist.strings in Resources */ = {isa = PBXBuildFile; fileRef = 0097040719BB8DCC001A2BF1 /* InfoPlist.strings */; };
		0097040B19BB8DCC001A2BF1 /* main.m in Sources */ = {isa = PBXBuildFile; fileRef = 0097040A19BB8DCC001A2BF1 /* main.m */; };
		0097040F19BB8DCC001A2BF1 /* AppDelegate.m in Sources */ = {isa = PBXBuildFile; fileRef = 0097040E19BB8DCC001A2BF1 /* AppDelegate.m */; };
		0097041119BB8DCC001A2BF1 /* Images.xcassets in Resources */ = {isa = PBXBuildFile; fileRef = 0097041019BB8DCC001A2BF1 /* Images.xcassets */; };
		0097041819BB8DCC001A2BF1 /* XCTest.framework in Frameworks */ = {isa = PBXBuildFile; fileRef = 0097041719BB8DCC001A2BF1 /* XCTest.framework */; };
		0097041919BB8DCC001A2BF1 /* Foundation.framework in Frameworks */ = {isa = PBXBuildFile; fileRef = 009703FE19BB8DCC001A2BF1 /* Foundation.framework */; };
		0097041A19BB8DCC001A2BF1 /* UIKit.framework in Frameworks */ = {isa = PBXBuildFile; fileRef = 0097040219BB8DCC001A2BF1 /* UIKit.framework */; };
		0097042219BB8DCC001A2BF1 /* InfoPlist.strings in Resources */ = {isa = PBXBuildFile; fileRef = 0097042019BB8DCC001A2BF1 /* InfoPlist.strings */; };
		0097042419BB8DCC001A2BF1 /* Where_To_Eat_Tests.m in Sources */ = {isa = PBXBuildFile; fileRef = 0097042319BB8DCC001A2BF1 /* Where_To_Eat_Tests.m */; };
		0097042F19BB8F6D001A2BF1 /* Restaurant.m in Sources */ = {isa = PBXBuildFile; fileRef = 0097042E19BB8F6D001A2BF1 /* Restaurant.m */; };
		0097043219BB8F81001A2BF1 /* RestaurantStore.m in Sources */ = {isa = PBXBuildFile; fileRef = 0097043119BB8F81001A2BF1 /* RestaurantStore.m */; };
		0097043B19BBA951001A2BF1 /* CalendarViewController.m in Sources */ = {isa = PBXBuildFile; fileRef = 0097043919BBA951001A2BF1 /* CalendarViewController.m */; };
		009BFD5719BCE3A100BA78A4 /* CategoriesTableViewController.m in Sources */ = {isa = PBXBuildFile; fileRef = 009BFD5519BCE3A100BA78A4 /* CategoriesTableViewController.m */; };
		009BFD5C19BD013600BA78A4 /* RestaurantsTableViewController.m in Sources */ = {isa = PBXBuildFile; fileRef = 009BFD5A19BD013600BA78A4 /* RestaurantsTableViewController.m */; };
		009BFD6119BD0C5100BA78A4 /* SelectionTableViewController.m in Sources */ = {isa = PBXBuildFile; fileRef = 009BFD5F19BD0C5100BA78A4 /* SelectionTableViewController.m */; };
/* End PBXBuildFile section */

/* Begin PBXContainerItemProxy section */
		0097041B19BB8DCC001A2BF1 /* PBXContainerItemProxy */ = {
			isa = PBXContainerItemProxy;
			containerPortal = 009703F319BB8DCC001A2BF1 /* Project object */;
			proxyType = 1;
			remoteGlobalIDString = 009703FA19BB8DCC001A2BF1;
			remoteInfo = "Where To Eat?";
		};
/* End PBXContainerItemProxy section */

/* Begin PBXFileReference section */
		0002B0B119D7AFD600A21EA0 /* DiceStoryboard.storyboard */ = {isa = PBXFileReference; fileEncoding = 4; lastKnownFileType = file.storyboard; path = DiceStoryboard.storyboard; sourceTree = "<group>"; };
		0002B0B219D7AFD600A21EA0 /* DiceTableViewController.h */ = {isa = PBXFileReference; fileEncoding = 4; lastKnownFileType = sourcecode.c.h; path = DiceTableViewController.h; sourceTree = "<group>"; };
		0002B0B319D7AFD600A21EA0 /* DiceTableViewController.m */ = {isa = PBXFileReference; fileEncoding = 4; lastKnownFileType = sourcecode.c.objc; path = DiceTableViewController.m; sourceTree = "<group>"; };
		0002B0C319D906C600A21EA0 /* manage@2x.png */ = {isa = PBXFileReference; lastKnownFileType = image.png; name = "manage@2x.png"; path = "../../manage@2x.png"; sourceTree = "<group>"; };
		0002B0C419D906C600A21EA0 /* manage@3x.png */ = {isa = PBXFileReference; lastKnownFileType = image.png; name = "manage@3x.png"; path = "../../manage@3x.png"; sourceTree = "<group>"; };
		0002B0CB19D90F0B00A21EA0 /* roll@2x.png */ = {isa = PBXFileReference; lastKnownFileType = image.png; name = "roll@2x.png"; path = "../../roll@2x.png"; sourceTree = "<group>"; };
		0002B0CC19D90F0B00A21EA0 /* roll@3x.png */ = {isa = PBXFileReference; lastKnownFileType = image.png; name = "roll@3x.png"; path = "../../roll@3x.png"; sourceTree = "<group>"; };
		0006582A19CBA2A400C2C22F /* HeaderTableViewCell.h */ = {isa = PBXFileReference; fileEncoding = 4; lastKnownFileType = sourcecode.c.h; path = HeaderTableViewCell.h; sourceTree = "<group>"; };
		0006582B19CBA2A400C2C22F /* HeaderTableViewCell.m */ = {isa = PBXFileReference; fileEncoding = 4; lastKnownFileType = sourcecode.c.objc; path = HeaderTableViewCell.m; sourceTree = "<group>"; };
		000D3E0D19CE36EC00563E99 /* History.h */ = {isa = PBXFileReference; fileEncoding = 4; lastKnownFileType = sourcecode.c.h; path = History.h; sourceTree = "<group>"; };
		000D3E0E19CE36EC00563E99 /* History.m */ = {isa = PBXFileReference; fileEncoding = 4; lastKnownFileType = sourcecode.c.objc; path = History.m; sourceTree = "<group>"; };
		001C3B5319C7FE7800DF42A9 /* SelectableRestaurantStore.h */ = {isa = PBXFileReference; fileEncoding = 4; lastKnownFileType = sourcecode.c.h; path = SelectableRestaurantStore.h; sourceTree = "<group>"; };
		001C3B5419C7FE7800DF42A9 /* SelectableRestaurantStore.m */ = {isa = PBXFileReference; fileEncoding = 4; lastKnownFileType = sourcecode.c.objc; path = SelectableRestaurantStore.m; sourceTree = "<group>"; };
		009703FB19BB8DCC001A2BF1 /* Where To Eat?.app */ = {isa = PBXFileReference; explicitFileType = wrapper.application; includeInIndex = 0; path = "Where To Eat?.app"; sourceTree = BUILT_PRODUCTS_DIR; };
		009703FE19BB8DCC001A2BF1 /* Foundation.framework */ = {isa = PBXFileReference; lastKnownFileType = wrapper.framework; name = Foundation.framework; path = System/Library/Frameworks/Foundation.framework; sourceTree = SDKROOT; };
		0097040019BB8DCC001A2BF1 /* CoreGraphics.framework */ = {isa = PBXFileReference; lastKnownFileType = wrapper.framework; name = CoreGraphics.framework; path = System/Library/Frameworks/CoreGraphics.framework; sourceTree = SDKROOT; };
		0097040219BB8DCC001A2BF1 /* UIKit.framework */ = {isa = PBXFileReference; lastKnownFileType = wrapper.framework; name = UIKit.framework; path = System/Library/Frameworks/UIKit.framework; sourceTree = SDKROOT; };
		0097040619BB8DCC001A2BF1 /* Where To Eat?-Info.plist */ = {isa = PBXFileReference; lastKnownFileType = text.plist.xml; path = "Where To Eat?-Info.plist"; sourceTree = "<group>"; };
		0097040819BB8DCC001A2BF1 /* en */ = {isa = PBXFileReference; lastKnownFileType = text.plist.strings; name = en; path = en.lproj/InfoPlist.strings; sourceTree = "<group>"; };
		0097040A19BB8DCC001A2BF1 /* main.m */ = {isa = PBXFileReference; lastKnownFileType = sourcecode.c.objc; path = main.m; sourceTree = "<group>"; };
		0097040C19BB8DCC001A2BF1 /* Where To Eat?-Prefix.pch */ = {isa = PBXFileReference; lastKnownFileType = sourcecode.c.h; path = "Where To Eat?-Prefix.pch"; sourceTree = "<group>"; };
		0097040D19BB8DCC001A2BF1 /* AppDelegate.h */ = {isa = PBXFileReference; lastKnownFileType = sourcecode.c.h; path = AppDelegate.h; sourceTree = "<group>"; };
		0097040E19BB8DCC001A2BF1 /* AppDelegate.m */ = {isa = PBXFileReference; lastKnownFileType = sourcecode.c.objc; path = AppDelegate.m; sourceTree = "<group>"; };
		0097041019BB8DCC001A2BF1 /* Images.xcassets */ = {isa = PBXFileReference; lastKnownFileType = folder.assetcatalog; path = Images.xcassets; sourceTree = "<group>"; };
		0097041619BB8DCC001A2BF1 /* Where To Eat?Tests.xctest */ = {isa = PBXFileReference; explicitFileType = wrapper.cfbundle; includeInIndex = 0; path = "Where To Eat?Tests.xctest"; sourceTree = BUILT_PRODUCTS_DIR; };
		0097041719BB8DCC001A2BF1 /* XCTest.framework */ = {isa = PBXFileReference; lastKnownFileType = wrapper.framework; name = XCTest.framework; path = Library/Frameworks/XCTest.framework; sourceTree = DEVELOPER_DIR; };
		0097041F19BB8DCC001A2BF1 /* Where To Eat?Tests-Info.plist */ = {isa = PBXFileReference; lastKnownFileType = text.plist.xml; path = "Where To Eat?Tests-Info.plist"; sourceTree = "<group>"; };
		0097042119BB8DCC001A2BF1 /* en */ = {isa = PBXFileReference; lastKnownFileType = text.plist.strings; name = en; path = en.lproj/InfoPlist.strings; sourceTree = "<group>"; };
		0097042319BB8DCC001A2BF1 /* Where_To_Eat_Tests.m */ = {isa = PBXFileReference; lastKnownFileType = sourcecode.c.objc; path = Where_To_Eat_Tests.m; sourceTree = "<group>"; };
		0097042D19BB8F6D001A2BF1 /* Restaurant.h */ = {isa = PBXFileReference; fileEncoding = 4; lastKnownFileType = sourcecode.c.h; path = Restaurant.h; sourceTree = "<group>"; };
		0097042E19BB8F6D001A2BF1 /* Restaurant.m */ = {isa = PBXFileReference; fileEncoding = 4; lastKnownFileType = sourcecode.c.objc; path = Restaurant.m; sourceTree = "<group>"; };
		0097043019BB8F81001A2BF1 /* RestaurantStore.h */ = {isa = PBXFileReference; fileEncoding = 4; lastKnownFileType = sourcecode.c.h; path = RestaurantStore.h; sourceTree = "<group>"; };
		0097043119BB8F81001A2BF1 /* RestaurantStore.m */ = {isa = PBXFileReference; fileEncoding = 4; lastKnownFileType = sourcecode.c.objc; path = RestaurantStore.m; sourceTree = "<group>"; };
		0097043819BBA951001A2BF1 /* CalendarViewController.h */ = {isa = PBXFileReference; fileEncoding = 4; lastKnownFileType = sourcecode.c.h; path = CalendarViewController.h; sourceTree = "<group>"; };
		0097043919BBA951001A2BF1 /* CalendarViewController.m */ = {isa = PBXFileReference; fileEncoding = 4; lastKnownFileType = sourcecode.c.objc; path = CalendarViewController.m; sourceTree = "<group>"; };
		009BFD5419BCE3A100BA78A4 /* CategoriesTableViewController.h */ = {isa = PBXFileReference; fileEncoding = 4; lastKnownFileType = sourcecode.c.h; path = CategoriesTableViewController.h; sourceTree = "<group>"; };
		009BFD5519BCE3A100BA78A4 /* CategoriesTableViewController.m */ = {isa = PBXFileReference; fileEncoding = 4; lastKnownFileType = sourcecode.c.objc; path = CategoriesTableViewController.m; sourceTree = "<group>"; };
		009BFD5919BD013600BA78A4 /* RestaurantsTableViewController.h */ = {isa = PBXFileReference; fileEncoding = 4; lastKnownFileType = sourcecode.c.h; path = RestaurantsTableViewController.h; sourceTree = "<group>"; };
		009BFD5A19BD013600BA78A4 /* RestaurantsTableViewController.m */ = {isa = PBXFileReference; fileEncoding = 4; lastKnownFileType = sourcecode.c.objc; path = RestaurantsTableViewController.m; sourceTree = "<group>"; };
		009BFD5E19BD0C5100BA78A4 /* SelectionTableViewController.h */ = {isa = PBXFileReference; fileEncoding = 4; lastKnownFileType = sourcecode.c.h; path = SelectionTableViewController.h; sourceTree = "<group>"; };
		009BFD5F19BD0C5100BA78A4 /* SelectionTableViewController.m */ = {isa = PBXFileReference; fileEncoding = 4; lastKnownFileType = sourcecode.c.objc; path = SelectionTableViewController.m; sourceTree = "<group>"; };
/* End PBXFileReference section */

/* Begin PBXFrameworksBuildPhase section */
		009703F819BB8DCC001A2BF1 /* Frameworks */ = {
			isa = PBXFrameworksBuildPhase;
			buildActionMask = 2147483647;
			files = (
				0097040119BB8DCC001A2BF1 /* CoreGraphics.framework in Frameworks */,
				0097040319BB8DCC001A2BF1 /* UIKit.framework in Frameworks */,
				009703FF19BB8DCC001A2BF1 /* Foundation.framework in Frameworks */,
			);
			runOnlyForDeploymentPostprocessing = 0;
		};
		0097041319BB8DCC001A2BF1 /* Frameworks */ = {
			isa = PBXFrameworksBuildPhase;
			buildActionMask = 2147483647;
			files = (
				0097041819BB8DCC001A2BF1 /* XCTest.framework in Frameworks */,
				0097041A19BB8DCC001A2BF1 /* UIKit.framework in Frameworks */,
				0097041919BB8DCC001A2BF1 /* Foundation.framework in Frameworks */,
			);
			runOnlyForDeploymentPostprocessing = 0;
		};
/* End PBXFrameworksBuildPhase section */

/* Begin PBXGroup section */
		0002B0B619D903AC00A21EA0 /* Images */ = {
			isa = PBXGroup;
			children = (
				0002B0CB19D90F0B00A21EA0 /* roll@2x.png */,
				0002B0CC19D90F0B00A21EA0 /* roll@3x.png */,
				0002B0C319D906C600A21EA0 /* manage@2x.png */,
				0002B0C419D906C600A21EA0 /* manage@3x.png */,
			);
			name = Images;
			sourceTree = "<group>";
		};
		0034632919CFADF500C64FF3 /* Model */ = {
			isa = PBXGroup;
			children = (
				0097042D19BB8F6D001A2BF1 /* Restaurant.h */,
				0097042E19BB8F6D001A2BF1 /* Restaurant.m */,
				0097043019BB8F81001A2BF1 /* RestaurantStore.h */,
				0097043119BB8F81001A2BF1 /* RestaurantStore.m */,
				000D3E0D19CE36EC00563E99 /* History.h */,
				000D3E0E19CE36EC00563E99 /* History.m */,
				001C3B5319C7FE7800DF42A9 /* SelectableRestaurantStore.h */,
				001C3B5419C7FE7800DF42A9 /* SelectableRestaurantStore.m */,
			);
			name = Model;
			sourceTree = "<group>";
		};
		0034632A19CFAE1200C64FF3 /* Roll */ = {
			isa = PBXGroup;
			children = (
				0002B0B219D7AFD600A21EA0 /* DiceTableViewController.h */,
				0002B0B319D7AFD600A21EA0 /* DiceTableViewController.m */,
				009BFD5E19BD0C5100BA78A4 /* SelectionTableViewController.h */,
				009BFD5F19BD0C5100BA78A4 /* SelectionTableViewController.m */,
				0006582A19CBA2A400C2C22F /* HeaderTableViewCell.h */,
				0006582B19CBA2A400C2C22F /* HeaderTableViewCell.m */,
			);
			name = Roll;
			sourceTree = "<group>";
		};
		0034632B19CFAE5700C64FF3 /* Manage */ = {
			isa = PBXGroup;
			children = (
				009BFD5419BCE3A100BA78A4 /* CategoriesTableViewController.h */,
				009BFD5519BCE3A100BA78A4 /* CategoriesTableViewController.m */,
				009BFD5919BD013600BA78A4 /* RestaurantsTableViewController.h */,
				009BFD5A19BD013600BA78A4 /* RestaurantsTableViewController.m */,
			);
			name = Manage;
			sourceTree = "<group>";
		};
		009703F219BB8DCC001A2BF1 = {
			isa = PBXGroup;
			children = (
				0097040419BB8DCC001A2BF1 /* Where To Eat? */,
				0097041D19BB8DCC001A2BF1 /* Where To Eat?Tests */,
				009703FD19BB8DCC001A2BF1 /* Frameworks */,
				009703FC19BB8DCC001A2BF1 /* Products */,
			);
			sourceTree = "<group>";
		};
		009703FC19BB8DCC001A2BF1 /* Products */ = {
			isa = PBXGroup;
			children = (
				009703FB19BB8DCC001A2BF1 /* Where To Eat?.app */,
				0097041619BB8DCC001A2BF1 /* Where To Eat?Tests.xctest */,
			);
			name = Products;
			sourceTree = "<group>";
		};
		009703FD19BB8DCC001A2BF1 /* Frameworks */ = {
			isa = PBXGroup;
			children = (
				009703FE19BB8DCC001A2BF1 /* Foundation.framework */,
				0097040019BB8DCC001A2BF1 /* CoreGraphics.framework */,
				0097040219BB8DCC001A2BF1 /* UIKit.framework */,
				0097041719BB8DCC001A2BF1 /* XCTest.framework */,
			);
			name = Frameworks;
			sourceTree = "<group>";
		};
		0097040419BB8DCC001A2BF1 /* Where To Eat? */ = {
			isa = PBXGroup;
			children = (
				0002B0B619D903AC00A21EA0 /* Images */,
				0034632919CFADF500C64FF3 /* Model */,
				0034632A19CFAE1200C64FF3 /* Roll */,
				0034632B19CFAE5700C64FF3 /* Manage */,
				0097040D19BB8DCC001A2BF1 /* AppDelegate.h */,
				0097040E19BB8DCC001A2BF1 /* AppDelegate.m */,
				0097043819BBA951001A2BF1 /* CalendarViewController.h */,
				0097043919BBA951001A2BF1 /* CalendarViewController.m */,
				0002B0B119D7AFD600A21EA0 /* DiceStoryboard.storyboard */,
				0097041019BB8DCC001A2BF1 /* Images.xcassets */,
				0097040519BB8DCC001A2BF1 /* Supporting Files */,
			);
			path = "Where To Eat?";
			sourceTree = "<group>";
		};
		0097040519BB8DCC001A2BF1 /* Supporting Files */ = {
			isa = PBXGroup;
			children = (
				0097040619BB8DCC001A2BF1 /* Where To Eat?-Info.plist */,
				0097040719BB8DCC001A2BF1 /* InfoPlist.strings */,
				0097040A19BB8DCC001A2BF1 /* main.m */,
				0097040C19BB8DCC001A2BF1 /* Where To Eat?-Prefix.pch */,
			);
			name = "Supporting Files";
			sourceTree = "<group>";
		};
		0097041D19BB8DCC001A2BF1 /* Where To Eat?Tests */ = {
			isa = PBXGroup;
			children = (
				0097042319BB8DCC001A2BF1 /* Where_To_Eat_Tests.m */,
				0097041E19BB8DCC001A2BF1 /* Supporting Files */,
			);
			path = "Where To Eat?Tests";
			sourceTree = "<group>";
		};
		0097041E19BB8DCC001A2BF1 /* Supporting Files */ = {
			isa = PBXGroup;
			children = (
				0097041F19BB8DCC001A2BF1 /* Where To Eat?Tests-Info.plist */,
				0097042019BB8DCC001A2BF1 /* InfoPlist.strings */,
			);
			name = "Supporting Files";
			sourceTree = "<group>";
		};
/* End PBXGroup section */

/* Begin PBXNativeTarget section */
		009703FA19BB8DCC001A2BF1 /* Where To Eat? */ = {
			isa = PBXNativeTarget;
			buildConfigurationList = 0097042719BB8DCC001A2BF1 /* Build configuration list for PBXNativeTarget "Where To Eat?" */;
			buildPhases = (
				009703F719BB8DCC001A2BF1 /* Sources */,
				009703F819BB8DCC001A2BF1 /* Frameworks */,
				009703F919BB8DCC001A2BF1 /* Resources */,
			);
			buildRules = (
			);
			dependencies = (
			);
			name = "Where To Eat?";
			productName = "Where To Eat?";
			productReference = 009703FB19BB8DCC001A2BF1 /* Where To Eat?.app */;
			productType = "com.apple.product-type.application";
		};
		0097041519BB8DCC001A2BF1 /* Where To Eat?Tests */ = {
			isa = PBXNativeTarget;
			buildConfigurationList = 0097042A19BB8DCC001A2BF1 /* Build configuration list for PBXNativeTarget "Where To Eat?Tests" */;
			buildPhases = (
				0097041219BB8DCC001A2BF1 /* Sources */,
				0097041319BB8DCC001A2BF1 /* Frameworks */,
				0097041419BB8DCC001A2BF1 /* Resources */,
			);
			buildRules = (
			);
			dependencies = (
				0097041C19BB8DCC001A2BF1 /* PBXTargetDependency */,
			);
			name = "Where To Eat?Tests";
			productName = "Where To Eat?Tests";
			productReference = 0097041619BB8DCC001A2BF1 /* Where To Eat?Tests.xctest */;
			productType = "com.apple.product-type.bundle.unit-test";
		};
/* End PBXNativeTarget section */

/* Begin PBXProject section */
		009703F319BB8DCC001A2BF1 /* Project object */ = {
			isa = PBXProject;
			attributes = {
				LastUpgradeCheck = 0510;
				ORGANIZATIONNAME = "Ginny Huang";
				TargetAttributes = {
					009703FA19BB8DCC001A2BF1 = {
						DevelopmentTeam = 7UB5DXWDYP;
					};
					0097041519BB8DCC001A2BF1 = {
						TestTargetID = 009703FA19BB8DCC001A2BF1;
					};
				};
			};
			buildConfigurationList = 009703F619BB8DCC001A2BF1 /* Build configuration list for PBXProject "Where To Eat?" */;
			compatibilityVersion = "Xcode 3.2";
			developmentRegion = English;
			hasScannedForEncodings = 0;
			knownRegions = (
				en,
			);
			mainGroup = 009703F219BB8DCC001A2BF1;
			productRefGroup = 009703FC19BB8DCC001A2BF1 /* Products */;
			projectDirPath = "";
			projectRoot = "";
			targets = (
				009703FA19BB8DCC001A2BF1 /* Where To Eat? */,
				0097041519BB8DCC001A2BF1 /* Where To Eat?Tests */,
			);
		};
/* End PBXProject section */

/* Begin PBXResourcesBuildPhase section */
		009703F919BB8DCC001A2BF1 /* Resources */ = {
			isa = PBXResourcesBuildPhase;
			buildActionMask = 2147483647;
			files = (
				0097040919BB8DCC001A2BF1 /* InfoPlist.strings in Resources */,
				0002B0CE19D90F0B00A21EA0 /* roll@3x.png in Resources */,
				0002B0C519D906C600A21EA0 /* manage@2x.png in Resources */,
				0002B0B419D7AFD600A21EA0 /* DiceStoryboard.storyboard in Resources */,
				0002B0CD19D90F0B00A21EA0 /* roll@2x.png in Resources */,
				0097041119BB8DCC001A2BF1 /* Images.xcassets in Resources */,
				0002B0C619D906C600A21EA0 /* manage@3x.png in Resources */,
			);
			runOnlyForDeploymentPostprocessing = 0;
		};
		0097041419BB8DCC001A2BF1 /* Resources */ = {
			isa = PBXResourcesBuildPhase;
			buildActionMask = 2147483647;
			files = (
				0097042219BB8DCC001A2BF1 /* InfoPlist.strings in Resources */,
			);
			runOnlyForDeploymentPostprocessing = 0;
		};
/* End PBXResourcesBuildPhase section */

/* Begin PBXSourcesBuildPhase section */
		009703F719BB8DCC001A2BF1 /* Sources */ = {
			isa = PBXSourcesBuildPhase;
			buildActionMask = 2147483647;
			files = (
				0097040F19BB8DCC001A2BF1 /* AppDelegate.m in Sources */,
				0097042F19BB8F6D001A2BF1 /* Restaurant.m in Sources */,
				000D3E0F19CE36EC00563E99 /* History.m in Sources */,
				009BFD6119BD0C5100BA78A4 /* SelectionTableViewController.m in Sources */,
				0097043219BB8F81001A2BF1 /* RestaurantStore.m in Sources */,
				0006582C19CBA2A400C2C22F /* HeaderTableViewCell.m in Sources */,
				009BFD5C19BD013600BA78A4 /* RestaurantsTableViewController.m in Sources */,
				0097043B19BBA951001A2BF1 /* CalendarViewController.m in Sources */,
				009BFD5719BCE3A100BA78A4 /* CategoriesTableViewController.m in Sources */,
				0002B0B519D7AFD600A21EA0 /* DiceTableViewController.m in Sources */,
				001C3B5519C7FE7800DF42A9 /* SelectableRestaurantStore.m in Sources */,
				0097040B19BB8DCC001A2BF1 /* main.m in Sources */,
			);
			runOnlyForDeploymentPostprocessing = 0;
		};
		0097041219BB8DCC001A2BF1 /* Sources */ = {
			isa = PBXSourcesBuildPhase;
			buildActionMask = 2147483647;
			files = (
				0097042419BB8DCC001A2BF1 /* Where_To_Eat_Tests.m in Sources */,
			);
			runOnlyForDeploymentPostprocessing = 0;
		};
/* End PBXSourcesBuildPhase section */

/* Begin PBXTargetDependency section */
		0097041C19BB8DCC001A2BF1 /* PBXTargetDependency */ = {
			isa = PBXTargetDependency;
			target = 009703FA19BB8DCC001A2BF1 /* Where To Eat? */;
			targetProxy = 0097041B19BB8DCC001A2BF1 /* PBXContainerItemProxy */;
		};
/* End PBXTargetDependency section */

/* Begin PBXVariantGroup section */
		0097040719BB8DCC001A2BF1 /* InfoPlist.strings */ = {
			isa = PBXVariantGroup;
			children = (
				0097040819BB8DCC001A2BF1 /* en */,
			);
			name = InfoPlist.strings;
			sourceTree = "<group>";
		};
		0097042019BB8DCC001A2BF1 /* InfoPlist.strings */ = {
			isa = PBXVariantGroup;
			children = (
				0097042119BB8DCC001A2BF1 /* en */,
			);
			name = InfoPlist.strings;
			sourceTree = "<group>";
		};
/* End PBXVariantGroup section */

/* Begin XCBuildConfiguration section */
		0097042519BB8DCC001A2BF1 /* Debug */ = {
			isa = XCBuildConfiguration;
			buildSettings = {
				ALWAYS_SEARCH_USER_PATHS = NO;
				CLANG_CXX_LANGUAGE_STANDARD = "gnu++0x";
				CLANG_CXX_LIBRARY = "libc++";
				CLANG_ENABLE_MODULES = YES;
				CLANG_ENABLE_OBJC_ARC = YES;
				CLANG_WARN_BOOL_CONVERSION = YES;
				CLANG_WARN_CONSTANT_CONVERSION = YES;
				CLANG_WARN_DIRECT_OBJC_ISA_USAGE = YES_ERROR;
				CLANG_WARN_EMPTY_BODY = YES;
				CLANG_WARN_ENUM_CONVERSION = YES;
				CLANG_WARN_INT_CONVERSION = YES;
				CLANG_WARN_OBJC_ROOT_CLASS = YES_ERROR;
				CLANG_WARN__DUPLICATE_METHOD_MATCH = YES;
				"CODE_SIGN_IDENTITY[sdk=iphoneos*]" = "iPhone Developer";
				COPY_PHASE_STRIP = NO;
				GCC_C_LANGUAGE_STANDARD = gnu99;
				GCC_DYNAMIC_NO_PIC = NO;
				GCC_OPTIMIZATION_LEVEL = 0;
				GCC_PREPROCESSOR_DEFINITIONS = (
					"DEBUG=1",
					"$(inherited)",
				);
				GCC_SYMBOLS_PRIVATE_EXTERN = NO;
				GCC_WARN_64_TO_32_BIT_CONVERSION = YES;
				GCC_WARN_ABOUT_RETURN_TYPE = YES_ERROR;
				GCC_WARN_UNDECLARED_SELECTOR = YES;
				GCC_WARN_UNINITIALIZED_AUTOS = YES_AGGRESSIVE;
				GCC_WARN_UNUSED_FUNCTION = YES;
				GCC_WARN_UNUSED_VARIABLE = YES;
				IPHONEOS_DEPLOYMENT_TARGET = 7.1;
				ONLY_ACTIVE_ARCH = YES;
				SDKROOT = iphoneos;
			};
			name = Debug;
		};
		0097042619BB8DCC001A2BF1 /* Release */ = {
			isa = XCBuildConfiguration;
			buildSettings = {
				ALWAYS_SEARCH_USER_PATHS = NO;
				CLANG_CXX_LANGUAGE_STANDARD = "gnu++0x";
				CLANG_CXX_LIBRARY = "libc++";
				CLANG_ENABLE_MODULES = YES;
				CLANG_ENABLE_OBJC_ARC = YES;
				CLANG_WARN_BOOL_CONVERSION = YES;
				CLANG_WARN_CONSTANT_CONVERSION = YES;
				CLANG_WARN_DIRECT_OBJC_ISA_USAGE = YES_ERROR;
				CLANG_WARN_EMPTY_BODY = YES;
				CLANG_WARN_ENUM_CONVERSION = YES;
				CLANG_WARN_INT_CONVERSION = YES;
				CLANG_WARN_OBJC_ROOT_CLASS = YES_ERROR;
				CLANG_WARN__DUPLICATE_METHOD_MATCH = YES;
				"CODE_SIGN_IDENTITY[sdk=iphoneos*]" = "iPhone Developer";
				COPY_PHASE_STRIP = YES;
				ENABLE_NS_ASSERTIONS = NO;
				GCC_C_LANGUAGE_STANDARD = gnu99;
				GCC_WARN_64_TO_32_BIT_CONVERSION = YES;
				GCC_WARN_ABOUT_RETURN_TYPE = YES_ERROR;
				GCC_WARN_UNDECLARED_SELECTOR = YES;
				GCC_WARN_UNINITIALIZED_AUTOS = YES_AGGRESSIVE;
				GCC_WARN_UNUSED_FUNCTION = YES;
				GCC_WARN_UNUSED_VARIABLE = YES;
				IPHONEOS_DEPLOYMENT_TARGET = 7.1;
				SDKROOT = iphoneos;
				VALIDATE_PRODUCT = YES;
			};
			name = Release;
		};
		0097042819BB8DCC001A2BF1 /* Debug */ = {
			isa = XCBuildConfiguration;
			buildSettings = {
				ASSETCATALOG_COMPILER_APPICON_NAME = AppIcon;
				ASSETCATALOG_COMPILER_LAUNCHIMAGE_NAME = LaunchImage;
				CLANG_ENABLE_MODULES = YES;
				CODE_SIGN_IDENTITY = "iPhone Developer";
				"CODE_SIGN_IDENTITY[sdk=iphoneos*]" = "iPhone Developer";
				GCC_PRECOMPILE_PREFIX_HEADER = YES;
				GCC_PREFIX_HEADER = "Where To Eat?/Where To Eat?-Prefix.pch";
				INFOPLIST_FILE = "Where To Eat?/Where To Eat?-Info.plist";
				IPHONEOS_DEPLOYMENT_TARGET = 8.0;
				LD_RUNPATH_SEARCH_PATHS = "$(inherited) @executable_path/Frameworks";
				PRODUCT_NAME = "$(TARGET_NAME)";
				PROVISIONING_PROFILE = "";
				SWIFT_OBJC_BRIDGING_HEADER = "Where To Eat?/Where To Eat?-Bridging-Header.h";
				SWIFT_OPTIMIZATION_LEVEL = "-Onone";
				WRAPPER_EXTENSION = app;
			};
			name = Debug;
		};
		0097042919BB8DCC001A2BF1 /* Release */ = {
			isa = XCBuildConfiguration;
			buildSettings = {
				ASSETCATALOG_COMPILER_APPICON_NAME = AppIcon;
				ASSETCATALOG_COMPILER_LAUNCHIMAGE_NAME = LaunchImage;
				CLANG_ENABLE_MODULES = YES;
				CODE_SIGN_IDENTITY = "iPhone Developer";
				"CODE_SIGN_IDENTITY[sdk=iphoneos*]" = "iPhone Developer";
				GCC_PRECOMPILE_PREFIX_HEADER = YES;
				GCC_PREFIX_HEADER = "Where To Eat?/Where To Eat?-Prefix.pch";
				INFOPLIST_FILE = "Where To Eat?/Where To Eat?-Info.plist";
				IPHONEOS_DEPLOYMENT_TARGET = 8.0;
				LD_RUNPATH_SEARCH_PATHS = "$(inherited) @executable_path/Frameworks";
				PRODUCT_NAME = "$(TARGET_NAME)";
				PROVISIONING_PROFILE = "";
				SWIFT_OBJC_BRIDGING_HEADER = "Where To Eat?/Where To Eat?-Bridging-Header.h";
				WRAPPER_EXTENSION = app;
			};
			name = Release;
		};
		0097042B19BB8DCC001A2BF1 /* Debug */ = {
			isa = XCBuildConfiguration;
			buildSettings = {
				BUNDLE_LOADER = "$(BUILT_PRODUCTS_DIR)/Where To Eat?.app/Where To Eat?";
				FRAMEWORK_SEARCH_PATHS = (
					"$(SDKROOT)/Developer/Library/Frameworks",
					"$(inherited)",
					"$(DEVELOPER_FRAMEWORKS_DIR)",
				);
				GCC_PRECOMPILE_PREFIX_HEADER = YES;
				GCC_PREFIX_HEADER = "Where To Eat?/Where To Eat?-Prefix.pch";
				GCC_PREPROCESSOR_DEFINITIONS = (
					"DEBUG=1",
					"$(inherited)",
				);
				INFOPLIST_FILE = "Where To Eat?Tests/Where To Eat?Tests-Info.plist";
				PRODUCT_NAME = "$(TARGET_NAME)";
				TEST_HOST = "$(BUNDLE_LOADER)";
				WRAPPER_EXTENSION = xctest;
			};
			name = Debug;
		};
		0097042C19BB8DCC001A2BF1 /* Release */ = {
			isa = XCBuildConfiguration;
			buildSettings = {
				BUNDLE_LOADER = "$(BUILT_PRODUCTS_DIR)/Where To Eat?.app/Where To Eat?";
				FRAMEWORK_SEARCH_PATHS = (
					"$(SDKROOT)/Developer/Library/Frameworks",
					"$(inherited)",
					"$(DEVELOPER_FRAMEWORKS_DIR)",
				);
				GCC_PRECOMPILE_PREFIX_HEADER = YES;
				GCC_PREFIX_HEADER = "Where To Eat?/Where To Eat?-Prefix.pch";
				INFOPLIST_FILE = "Where To Eat?Tests/Where To Eat?Tests-Info.plist";
				PRODUCT_NAME = "$(TARGET_NAME)";
				TEST_HOST = "$(BUNDLE_LOADER)";
				WRAPPER_EXTENSION = xctest;
			};
			name = Release;
		};
/* End XCBuildConfiguration section */

/* Begin XCConfigurationList section */
		009703F619BB8DCC001A2BF1 /* Build configuration list for PBXProject "Where To Eat?" */ = {
			isa = XCConfigurationList;
			buildConfigurations = (
				0097042519BB8DCC001A2BF1 /* Debug */,
				0097042619BB8DCC001A2BF1 /* Release */,
			);
			defaultConfigurationIsVisible = 0;
			defaultConfigurationName = Release;
		};
		0097042719BB8DCC001A2BF1 /* Build configuration list for PBXNativeTarget "Where To Eat?" */ = {
			isa = XCConfigurationList;
			buildConfigurations = (
				0097042819BB8DCC001A2BF1 /* Debug */,
				0097042919BB8DCC001A2BF1 /* Release */,
			);
			defaultConfigurationIsVisible = 0;
			defaultConfigurationName = Release;
		};
		0097042A19BB8DCC001A2BF1 /* Build configuration list for PBXNativeTarget "Where To Eat?Tests" */ = {
			isa = XCConfigurationList;
			buildConfigurations = (
				0097042B19BB8DCC001A2BF1 /* Debug */,
				0097042C19BB8DCC001A2BF1 /* Release */,
			);
			defaultConfigurationIsVisible = 0;
			defaultConfigurationName = Release;
		};
/* End XCConfigurationList section */
	};
	rootObject = 009703F319BB8DCC001A2BF1 /* Project object */;
}
